
Microsoft Visual Studio Solution File, Format Version 12.00
# Visual Studio Version 16
VisualStudioVersion = 16.0.31105.61
MinimumVisualStudioVersion = 10.0.40219.1
Project("{8BC9CEB8-8B4A-11D0-8D11-00A0C91BC942}") = "操作符", "操作符\操作符.vcxproj", "{D2284963-AF51-44F6-BEB7-4DE65FD802FB}"
EndProject
Global
	GlobalSection(SolutionConfigurationPlatforms) = preSolution
		Debug|x64 = Debug|x64
		Debug|x86 = Debug|x86
		Release|x64 = Release|x64
		Release|x86 = Release|x86
	EndGlobalSection
	GlobalSection(ProjectConfigurationPlatforms) = postSolution
		{D2284963-AF51-44F6-BEB7-4DE65FD802FB}.Debug|x64.ActiveCfg = Debug|x64
		{D2284963-AF51-44F6-BEB7-4DE65FD802FB}.Debug|x64.Build.0 = Debug|x64
		{D2284963-AF51-44F6-BEB7-4DE65FD802FB}.Debug|x86.ActiveCfg = Debug|Win32
		{D2284963-AF51-44F6-BEB7-4DE65FD802FB}.Debug|x86.Build.0 = Debug|Win32
		{D2284963-AF51-44F6-BEB7-4DE65FD802FB}.Release|x64.ActiveCfg = Release|x64
		{D2284963-AF51-44F6-BEB7-4DE65FD802FB}.Release|x64.Build.0 = Release|x64
		{D2284963-AF51-44F6-BEB7-4DE65FD802FB}.Release|x86.ActiveCfg = Release|Win32
		{D2284963-AF51-44F6-BEB7-4DE65FD802FB}.Release|x86.Build.0 = Release|Win32
	EndGlobalSection
	GlobalSection(SolutionProperties) = preSolution
		HideSolutionNode = FALSE
	EndGlobalSection
	GlobalSection(ExtensibilityGlobals) = postSolution
		SolutionGuid = {D97E2DF7-FD2D-4AE7-86E2-34A8B412BDBB}
	EndGlobalSection
EndGlobal
